// !$*UTF8*$!
{
	archiveVersion = 1;
	classes = {
	};
	objectVersion = 56;
	objects = {

/* Begin PBXBuildFile section */
		A314B8C729CA26BF00097588 /* OnBoardingViewController.swift in Sources */ = {isa = PBXBuildFile; fileRef = A314B8C629CA26BF00097588 /* OnBoardingViewController.swift */; };
		AC27291029C0E4ED002B3891 /* HelpVideosViewController.swift in Sources */ = {isa = PBXBuildFile; fileRef = AC27290F29C0E4ED002B3891 /* HelpVideosViewController.swift */; };
		AC27291329C196CA002B3891 /* breathingViewController.swift in Sources */ = {isa = PBXBuildFile; fileRef = AC27291229C196CA002B3891 /* breathingViewController.swift */; };
		ACD7CB0E29A0D6130092778A /* AppDelegate.swift in Sources */ = {isa = PBXBuildFile; fileRef = ACD7CB0D29A0D6130092778A /* AppDelegate.swift */; };
		ACD7CB1029A0D6130092778A /* SceneDelegate.swift in Sources */ = {isa = PBXBuildFile; fileRef = ACD7CB0F29A0D6130092778A /* SceneDelegate.swift */; };
		ACD7CB1229A0D6130092778A /* ViewController.swift in Sources */ = {isa = PBXBuildFile; fileRef = ACD7CB1129A0D6130092778A /* ViewController.swift */; };
		ACD7CB1529A0D6130092778A /* Main.storyboard in Resources */ = {isa = PBXBuildFile; fileRef = ACD7CB1329A0D6130092778A /* Main.storyboard */; };
		ACD7CB1729A0D6140092778A /* Assets.xcassets in Resources */ = {isa = PBXBuildFile; fileRef = ACD7CB1629A0D6140092778A /* Assets.xcassets */; };
		ACD7CB1A29A0D6140092778A /* LaunchScreen.storyboard in Resources */ = {isa = PBXBuildFile; fileRef = ACD7CB1829A0D6140092778A /* LaunchScreen.storyboard */; };
		ACF5A6D129B6EFF00052132D /* UserDataModel.swift in Sources */ = {isa = PBXBuildFile; fileRef = ACF5A6D029B6EFF00052132D /* UserDataModel.swift */; };
		ACF5A6D529B6F4A50052132D /* HomeViewController.swift in Sources */ = {isa = PBXBuildFile; fileRef = ACF5A6D429B6F4A50052132D /* HomeViewController.swift */; };
		ACF5A6D729B7014F0052132D /* RewardViewController.swift in Sources */ = {isa = PBXBuildFile; fileRef = ACF5A6D629B7014F0052132D /* RewardViewController.swift */; };
		ACF5A6D929B705240052132D /* HelpViewController.swift in Sources */ = {isa = PBXBuildFile; fileRef = ACF5A6D829B705240052132D /* HelpViewController.swift */; };
		ACF5A6E329B99FDA0052132D /* HelpContactsViewController.swift in Sources */ = {isa = PBXBuildFile; fileRef = ACF5A6E229B99FDA0052132D /* HelpContactsViewController.swift */; };
		ACF5A6E529B9AD7A0052132D /* StatsViewController.swift in Sources */ = {isa = PBXBuildFile; fileRef = ACF5A6E429B9AD7A0052132D /* StatsViewController.swift */; };
/* End PBXBuildFile section */

/* Begin PBXFileReference section */
		A314B8C629CA26BF00097588 /* OnBoardingViewController.swift */ = {isa = PBXFileReference; lastKnownFileType = sourcecode.swift; path = OnBoardingViewController.swift; sourceTree = "<group>"; };
		AC27290F29C0E4ED002B3891 /* HelpVideosViewController.swift */ = {isa = PBXFileReference; lastKnownFileType = sourcecode.swift; path = HelpVideosViewController.swift; sourceTree = "<group>"; };
		AC27291229C196CA002B3891 /* breathingViewController.swift */ = {isa = PBXFileReference; lastKnownFileType = sourcecode.swift; path = breathingViewController.swift; sourceTree = "<group>"; };
		ACD7CB0A29A0D6130092778A /* Snoke.app */ = {isa = PBXFileReference; explicitFileType = wrapper.application; includeInIndex = 0; path = Snoke.app; sourceTree = BUILT_PRODUCTS_DIR; };
		ACD7CB0D29A0D6130092778A /* AppDelegate.swift */ = {isa = PBXFileReference; lastKnownFileType = sourcecode.swift; path = AppDelegate.swift; sourceTree = "<group>"; };
		ACD7CB0F29A0D6130092778A /* SceneDelegate.swift */ = {isa = PBXFileReference; lastKnownFileType = sourcecode.swift; path = SceneDelegate.swift; sourceTree = "<group>"; };
		ACD7CB1129A0D6130092778A /* ViewController.swift */ = {isa = PBXFileReference; lastKnownFileType = sourcecode.swift; path = ViewController.swift; sourceTree = "<group>"; };
		ACD7CB1429A0D6130092778A /* Base */ = {isa = PBXFileReference; lastKnownFileType = file.storyboard; name = Base; path = Base.lproj/Main.storyboard; sourceTree = "<group>"; };
		ACD7CB1629A0D6140092778A /* Assets.xcassets */ = {isa = PBXFileReference; lastKnownFileType = folder.assetcatalog; path = Assets.xcassets; sourceTree = "<group>"; };
		ACD7CB1929A0D6140092778A /* Base */ = {isa = PBXFileReference; lastKnownFileType = file.storyboard; name = Base; path = Base.lproj/LaunchScreen.storyboard; sourceTree = "<group>"; };
		ACD7CB1B29A0D6140092778A /* Info.plist */ = {isa = PBXFileReference; lastKnownFileType = text.plist.xml; path = Info.plist; sourceTree = "<group>"; };
		ACF5A6D029B6EFF00052132D /* UserDataModel.swift */ = {isa = PBXFileReference; lastKnownFileType = sourcecode.swift; path = UserDataModel.swift; sourceTree = "<group>"; };
		ACF5A6D429B6F4A50052132D /* HomeViewController.swift */ = {isa = PBXFileReference; lastKnownFileType = sourcecode.swift; path = HomeViewController.swift; sourceTree = "<group>"; };
		ACF5A6D629B7014F0052132D /* RewardViewController.swift */ = {isa = PBXFileReference; lastKnownFileType = sourcecode.swift; path = RewardViewController.swift; sourceTree = "<group>"; };
		ACF5A6D829B705240052132D /* HelpViewController.swift */ = {isa = PBXFileReference; lastKnownFileType = sourcecode.swift; path = HelpViewController.swift; sourceTree = "<group>"; };
		ACF5A6E229B99FDA0052132D /* HelpContactsViewController.swift */ = {isa = PBXFileReference; lastKnownFileType = sourcecode.swift; path = HelpContactsViewController.swift; sourceTree = "<group>"; };
		ACF5A6E429B9AD7A0052132D /* StatsViewController.swift */ = {isa = PBXFileReference; lastKnownFileType = sourcecode.swift; path = StatsViewController.swift; sourceTree = "<group>"; };
/* End PBXFileReference section */

/* Begin PBXFrameworksBuildPhase section */
		ACD7CB0729A0D6130092778A /* Frameworks */ = {
			isa = PBXFrameworksBuildPhase;
			buildActionMask = 2147483647;
			files = (
			);
			runOnlyForDeploymentPostprocessing = 0;
		};
/* End PBXFrameworksBuildPhase section */

/* Begin PBXGroup section */
		A314B8C329CA217B00097588 /* OnBoarding */ = {
			isa = PBXGroup;
			children = (
				A314B8C629CA26BF00097588 /* OnBoardingViewController.swift */,
			);
			path = OnBoarding;
			sourceTree = "<group>";
		};
		AC27291129C0F011002B3891 /* Help */ = {
			isa = PBXGroup;
			children = (
				AC27292029C6D32D002B3891 /* videos */,
				ACF5A6D829B705240052132D /* HelpViewController.swift */,
				ACF5A6E229B99FDA0052132D /* HelpContactsViewController.swift */,
				AC27291229C196CA002B3891 /* breathingViewController.swift */,
			);
			path = Help;
			sourceTree = "<group>";
		};
		AC27291729C2FA82002B3891 /* Rewards */ = {
			isa = PBXGroup;
			children = (
				ACF5A6D629B7014F0052132D /* RewardViewController.swift */,
			);
			path = Rewards;
			sourceTree = "<group>";
		};
		AC27291929C2FB04002B3891 /* Stats */ = {
			isa = PBXGroup;
			children = (
				ACF5A6E429B9AD7A0052132D /* StatsViewController.swift */,
			);
			path = Stats;
			sourceTree = "<group>";
		};
		AC27291A29C2FB10002B3891 /* DataModel */ = {
			isa = PBXGroup;
			children = (
				ACF5A6D029B6EFF00052132D /* UserDataModel.swift */,
			);
			path = DataModel;
			sourceTree = "<group>";
		};
		AC27291B29C2FB38002B3891 /* Home */ = {
			isa = PBXGroup;
			children = (
				ACF5A6D429B6F4A50052132D /* HomeViewController.swift */,
			);
			path = Home;
			sourceTree = "<group>";
		};
		AC27292029C6D32D002B3891 /* videos */ = {
			isa = PBXGroup;
			children = (
				AC27290F29C0E4ED002B3891 /* HelpVideosViewController.swift */,
			);
			path = videos;
			sourceTree = "<group>";
		};
		ACD7CB0129A0D6130092778A = {
			isa = PBXGroup;
			children = (
				ACD7CB0C29A0D6130092778A /* Snoke */,
				ACD7CB0B29A0D6130092778A /* Products */,
			);
			sourceTree = "<group>";
		};
		ACD7CB0B29A0D6130092778A /* Products */ = {
			isa = PBXGroup;
			children = (
				ACD7CB0A29A0D6130092778A /* Snoke.app */,
			);
			name = Products;
			sourceTree = "<group>";
		};
		ACD7CB0C29A0D6130092778A /* Snoke */ = {
			isa = PBXGroup;
			children = (
				ACD7CB0D29A0D6130092778A /* AppDelegate.swift */,
				ACD7CB0F29A0D6130092778A /* SceneDelegate.swift */,
				ACD7CB1129A0D6130092778A /* ViewController.swift */,
				ACD7CB1329A0D6130092778A /* Main.storyboard */,
				A314B8C329CA217B00097588 /* OnBoarding */,
				AC27291B29C2FB38002B3891 /* Home */,
				AC27291129C0F011002B3891 /* Help */,
				AC27291729C2FA82002B3891 /* Rewards */,
				AC27291929C2FB04002B3891 /* Stats */,
				AC27291A29C2FB10002B3891 /* DataModel */,
				ACD7CB1629A0D6140092778A /* Assets.xcassets */,
				ACD7CB1829A0D6140092778A /* LaunchScreen.storyboard */,
				ACD7CB1B29A0D6140092778A /* Info.plist */,
			);
			path = Snoke;
			sourceTree = "<group>";
		};
/* End PBXGroup section */

/* Begin PBXNativeTarget section */
		ACD7CB0929A0D6130092778A /* Snoke */ = {
			isa = PBXNativeTarget;
			buildConfigurationList = ACD7CB1E29A0D6140092778A /* Build configuration list for PBXNativeTarget "Snoke" */;
			buildPhases = (
				ACD7CB0629A0D6130092778A /* Sources */,
				ACD7CB0729A0D6130092778A /* Frameworks */,
				ACD7CB0829A0D6130092778A /* Resources */,
			);
			buildRules = (
			);
			dependencies = (
			);
			name = Snoke;
			productName = Snoke;
			productReference = ACD7CB0A29A0D6130092778A /* Snoke.app */;
			productType = "com.apple.product-type.application";
		};
/* End PBXNativeTarget section */

/* Begin PBXProject section */
		ACD7CB0229A0D6130092778A /* Project object */ = {
			isa = PBXProject;
			attributes = {
				BuildIndependentTargetsInParallel = 1;
				LastSwiftUpdateCheck = 1420;
				LastUpgradeCheck = 1420;
				TargetAttributes = {
					ACD7CB0929A0D6130092778A = {
						CreatedOnToolsVersion = 14.2;
					};
				};
			};
			buildConfigurationList = ACD7CB0529A0D6130092778A /* Build configuration list for PBXProject "Snoke" */;
			compatibilityVersion = "Xcode 14.0";
			developmentRegion = en;
			hasScannedForEncodings = 0;
			knownRegions = (
				en,
				Base,
			);
			mainGroup = ACD7CB0129A0D6130092778A;
			productRefGroup = ACD7CB0B29A0D6130092778A /* Products */;
			projectDirPath = "";
			projectRoot = "";
			targets = (
				ACD7CB0929A0D6130092778A /* Snoke */,
			);
		};
/* End PBXProject section */

/* Begin PBXResourcesBuildPhase section */
		ACD7CB0829A0D6130092778A /* Resources */ = {
			isa = PBXResourcesBuildPhase;
			buildActionMask = 2147483647;
			files = (
				ACD7CB1A29A0D6140092778A /* LaunchScreen.storyboard in Resources */,
				ACD7CB1729A0D6140092778A /* Assets.xcassets in Resources */,
				ACD7CB1529A0D6130092778A /* Main.storyboard in Resources */,
			);
			runOnlyForDeploymentPostprocessing = 0;
		};
/* End PBXResourcesBuildPhase section */

/* Begin PBXSourcesBuildPhase section */
		ACD7CB0629A0D6130092778A /* Sources */ = {
			isa = PBXSourcesBuildPhase;
			buildActionMask = 2147483647;
			files = (
				ACF5A6D929B705240052132D /* HelpViewController.swift in Sources */,
				ACF5A6D129B6EFF00052132D /* UserDataModel.swift in Sources */,
				ACD7CB1229A0D6130092778A /* ViewController.swift in Sources */,
				ACD7CB0E29A0D6130092778A /* AppDelegate.swift in Sources */,
				ACF5A6E329B99FDA0052132D /* HelpContactsViewController.swift in Sources */,
				AC27291029C0E4ED002B3891 /* HelpVideosViewController.swift in Sources */,
				ACD7CB1029A0D6130092778A /* SceneDelegate.swift in Sources */,
				AC27291329C196CA002B3891 /* breathingViewController.swift in Sources */,
				A314B8C729CA26BF00097588 /* OnBoardingViewController.swift in Sources */,
				ACF5A6D529B6F4A50052132D /* HomeViewController.swift in Sources */,
				ACF5A6E529B9AD7A0052132D /* StatsViewController.swift in Sources */,
				ACF5A6D729B7014F0052132D /* RewardViewController.swift in Sources */,
			);
			runOnlyForDeploymentPostprocessing = 0;
		};
/* End PBXSourcesBuildPhase section */

/* Begin PBXVariantGroup section */
		ACD7CB1329A0D6130092778A /* Main.storyboard */ = {
			isa = PBXVariantGroup;
			children = (
				ACD7CB1429A0D6130092778A /* Base */,
			);
			name = Main.storyboard;
			sourceTree = "<group>";
		};
		ACD7CB1829A0D6140092778A /* LaunchScreen.storyboard */ = {
			isa = PBXVariantGroup;
			children = (
				ACD7CB1929A0D6140092778A /* Base */,
			);
			name = LaunchScreen.storyboard;
			sourceTree = "<group>";
		};
/* End PBXVariantGroup section */

/* Begin XCBuildConfiguration section */
		ACD7CB1C29A0D6140092778A /* Debug */ = {
			isa = XCBuildConfiguration;
			buildSettings = {
				ALWAYS_SEARCH_USER_PATHS = NO;
				CLANG_ANALYZER_NONNULL = YES;
				CLANG_ANALYZER_NUMBER_OBJECT_CONVERSION = YES_AGGRESSIVE;
				CLANG_CXX_LANGUAGE_STANDARD = "gnu++20";
				CLANG_ENABLE_MODULES = YES;
				CLANG_ENABLE_OBJC_ARC = YES;
				CLANG_ENABLE_OBJC_WEAK = YES;
				CLANG_WARN_BLOCK_CAPTURE_AUTORELEASING = YES;
				CLANG_WARN_BOOL_CONVERSION = YES;
				CLANG_WARN_COMMA = YES;
				CLANG_WARN_CONSTANT_CONVERSION = YES;
				CLANG_WARN_DEPRECATED_OBJC_IMPLEMENTATIONS = YES;
				CLANG_WARN_DIRECT_OBJC_ISA_USAGE = YES_ERROR;
				CLANG_WARN_DOCUMENTATION_COMMENTS = YES;
				CLANG_WARN_EMPTY_BODY = YES;
				CLANG_WARN_ENUM_CONVERSION = YES;
				CLANG_WARN_INFINITE_RECURSION = YES;
				CLANG_WARN_INT_CONVERSION = YES;
				CLANG_WARN_NON_LITERAL_NULL_CONVERSION = YES;
				CLANG_WARN_OBJC_IMPLICIT_RETAIN_SELF = YES;
				CLANG_WARN_OBJC_LITERAL_CONVERSION = YES;
				CLANG_WARN_OBJC_ROOT_CLASS = YES_ERROR;
				CLANG_WARN_QUOTED_INCLUDE_IN_FRAMEWORK_HEADER = YES;
				CLANG_WARN_RANGE_LOOP_ANALYSIS = YES;
				CLANG_WARN_STRICT_PROTOTYPES = YES;
				CLANG_WARN_SUSPICIOUS_MOVE = YES;
				CLANG_WARN_UNGUARDED_AVAILABILITY = YES_AGGRESSIVE;
				CLANG_WARN_UNREACHABLE_CODE = YES;
				CLANG_WARN__DUPLICATE_METHOD_MATCH = YES;
				COPY_PHASE_STRIP = NO;
				DEBUG_INFORMATION_FORMAT = dwarf;
				ENABLE_STRICT_OBJC_MSGSEND = YES;
				ENABLE_TESTABILITY = YES;
				GCC_C_LANGUAGE_STANDARD = gnu11;
				GCC_DYNAMIC_NO_PIC = NO;
				GCC_NO_COMMON_BLOCKS = YES;
				GCC_OPTIMIZATION_LEVEL = 0;
				GCC_PREPROCESSOR_DEFINITIONS = (
					"DEBUG=1",
					"$(inherited)",
				);
				GCC_WARN_64_TO_32_BIT_CONVERSION = YES;
				GCC_WARN_ABOUT_RETURN_TYPE = YES_ERROR;
				GCC_WARN_UNDECLARED_SELECTOR = YES;
				GCC_WARN_UNINITIALIZED_AUTOS = YES_AGGRESSIVE;
				GCC_WARN_UNUSED_FUNCTION = YES;
				GCC_WARN_UNUSED_VARIABLE = YES;
				IPHONEOS_DEPLOYMENT_TARGET = 16.2;
				MTL_ENABLE_DEBUG_INFO = INCLUDE_SOURCE;
				MTL_FAST_MATH = YES;
				ONLY_ACTIVE_ARCH = YES;
				SDKROOT = iphoneos;
				SWIFT_ACTIVE_COMPILATION_CONDITIONS = DEBUG;
				SWIFT_OPTIMIZATION_LEVEL = "-Onone";
			};
			name = Debug;
		};
		ACD7CB1D29A0D6140092778A /* Release */ = {
			isa = XCBuildConfiguration;
			buildSettings = {
				ALWAYS_SEARCH_USER_PATHS = NO;
				CLANG_ANALYZER_NONNULL = YES;
				CLANG_ANALYZER_NUMBER_OBJECT_CONVERSION = YES_AGGRESSIVE;
				CLANG_CXX_LANGUAGE_STANDARD = "gnu++20";
				CLANG_ENABLE_MODULES = YES;
				CLANG_ENABLE_OBJC_ARC = YES;
				CLANG_ENABLE_OBJC_WEAK = YES;
				CLANG_WARN_BLOCK_CAPTURE_AUTORELEASING = YES;
				CLANG_WARN_BOOL_CONVERSION = YES;
				CLANG_WARN_COMMA = YES;
				CLANG_WARN_CONSTANT_CONVERSION = YES;
				CLANG_WARN_DEPRECATED_OBJC_IMPLEMENTATIONS = YES;
				CLANG_WARN_DIRECT_OBJC_ISA_USAGE = YES_ERROR;
				CLANG_WARN_DOCUMENTATION_COMMENTS = YES;
				CLANG_WARN_EMPTY_BODY = YES;
				CLANG_WARN_ENUM_CONVERSION = YES;
				CLANG_WARN_INFINITE_RECURSION = YES;
				CLANG_WARN_INT_CONVERSION = YES;
				CLANG_WARN_NON_LITERAL_NULL_CONVERSION = YES;
				CLANG_WARN_OBJC_IMPLICIT_RETAIN_SELF = YES;
				CLANG_WARN_OBJC_LITERAL_CONVERSION = YES;
				CLANG_WARN_OBJC_ROOT_CLASS = YES_ERROR;
				CLANG_WARN_QUOTED_INCLUDE_IN_FRAMEWORK_HEADER = YES;
				CLANG_WARN_RANGE_LOOP_ANALYSIS = YES;
				CLANG_WARN_STRICT_PROTOTYPES = YES;
				CLANG_WARN_SUSPICIOUS_MOVE = YES;
				CLANG_WARN_UNGUARDED_AVAILABILITY = YES_AGGRESSIVE;
				CLANG_WARN_UNREACHABLE_CODE = YES;
				CLANG_WARN__DUPLICATE_METHOD_MATCH = YES;
				COPY_PHASE_STRIP = NO;
				DEBUG_INFORMATION_FORMAT = "dwarf-with-dsym";
				ENABLE_NS_ASSERTIONS = NO;
				ENABLE_STRICT_OBJC_MSGSEND = YES;
				GCC_C_LANGUAGE_STANDARD = gnu11;
				GCC_NO_COMMON_BLOCKS = YES;
				GCC_WARN_64_TO_32_BIT_CONVERSION = YES;
				GCC_WARN_ABOUT_RETURN_TYPE = YES_ERROR;
				GCC_WARN_UNDECLARED_SELECTOR = YES;
				GCC_WARN_UNINITIALIZED_AUTOS = YES_AGGRESSIVE;
				GCC_WARN_UNUSED_FUNCTION = YES;
				GCC_WARN_UNUSED_VARIABLE = YES;
				IPHONEOS_DEPLOYMENT_TARGET = 16.2;
				MTL_ENABLE_DEBUG_INFO = NO;
				MTL_FAST_MATH = YES;
				SDKROOT = iphoneos;
				SWIFT_COMPILATION_MODE = wholemodule;
				SWIFT_OPTIMIZATION_LEVEL = "-O";
				VALIDATE_PRODUCT = YES;
			};
			name = Release;
		};
		ACD7CB1F29A0D6140092778A /* Debug */ = {
			isa = XCBuildConfiguration;
			buildSettings = {
				ASSETCATALOG_COMPILER_APPICON_NAME = AppIcon;
				ASSETCATALOG_COMPILER_GLOBAL_ACCENT_COLOR_NAME = AccentColor;
				ASSETCATALOG_COMPILER_INCLUDE_ALL_APPICON_ASSETS = YES;
				CODE_SIGN_STYLE = Automatic;
				CURRENT_PROJECT_VERSION = 1;
				GENERATE_INFOPLIST_FILE = YES;
				INFOPLIST_FILE = Snoke/Info.plist;
				INFOPLIST_KEY_CFBundleDisplayName = snoke;
				INFOPLIST_KEY_UIApplicationSupportsIndirectInputEvents = YES;
				INFOPLIST_KEY_UILaunchStoryboardName = LaunchScreen.storyboard;
				INFOPLIST_KEY_UIMainStoryboardFile = Main;
				INFOPLIST_KEY_UISupportedInterfaceOrientations_iPad = "UIInterfaceOrientationPortrait UIInterfaceOrientationPortraitUpsideDown UIInterfaceOrientationLandscapeLeft UIInterfaceOrientationLandscapeRight";
				INFOPLIST_KEY_UISupportedInterfaceOrientations_iPhone = "UIInterfaceOrientationPortrait UIInterfaceOrientationLandscapeLeft UIInterfaceOrientationLandscapeRight";
				LD_RUNPATH_SEARCH_PATHS = (
					"$(inherited)",
					"@executable_path/Frameworks",
				);
				MARKETING_VERSION = 1.0;
				PRODUCT_BUNDLE_IDENTIFIER = IOS.Snoke;
				PRODUCT_NAME = "$(TARGET_NAME)";
				SWIFT_EMIT_LOC_STRINGS = YES;
				SWIFT_VERSION = 5.0;
				TARGETED_DEVICE_FAMILY = "1,2";
			};
			name = Debug;
		};
		ACD7CB2029A0D6140092778A /* Release */ = {
			isa = XCBuildConfiguration;
			buildSettings = {
				ASSETCATALOG_COMPILER_APPICON_NAME = AppIcon;
				ASSETCATALOG_COMPILER_GLOBAL_ACCENT_COLOR_NAME = AccentColor;
				ASSETCATALOG_COMPILER_INCLUDE_ALL_APPICON_ASSETS = YES;
				CODE_SIGN_STYLE = Automatic;
				CURRENT_PROJECT_VERSION = 1;
				GENERATE_INFOPLIST_FILE = YES;
				INFOPLIST_FILE = Snoke/Info.plist;
				INFOPLIST_KEY_CFBundleDisplayName = snoke;
				INFOPLIST_KEY_UIApplicationSupportsIndirectInputEvents = YES;
				INFOPLIST_KEY_UILaunchStoryboardName = LaunchScreen.storyboard;
				INFOPLIST_KEY_UIMainStoryboardFile = Main;
				INFOPLIST_KEY_UISupportedInterfaceOrientations_iPad = "UIInterfaceOrientationPortrait UIInterfaceOrientationPortraitUpsideDown UIInterfaceOrientationLandscapeLeft UIInterfaceOrientationLandscapeRight";
				INFOPLIST_KEY_UISupportedInterfaceOrientations_iPhone = "UIInterfaceOrientationPortrait UIInterfaceOrientationLandscapeLeft UIInterfaceOrientationLandscapeRight";
				LD_RUNPATH_SEARCH_PATHS = (
					"$(inherited)",
					"@executable_path/Frameworks",
				);
				MARKETING_VERSION = 1.0;
				PRODUCT_BUNDLE_IDENTIFIER = IOS.Snoke;
				PRODUCT_NAME = "$(TARGET_NAME)";
				SWIFT_EMIT_LOC_STRINGS = YES;
				SWIFT_VERSION = 5.0;
				TARGETED_DEVICE_FAMILY = "1,2";
			};
			name = Release;
		};
/* End XCBuildConfiguration section */

/* Begin XCConfigurationList section */
		ACD7CB0529A0D6130092778A /* Build configuration list for PBXProject "Snoke" */ = {
			isa = XCConfigurationList;
			buildConfigurations = (
				ACD7CB1C29A0D6140092778A /* Debug */,
				ACD7CB1D29A0D6140092778A /* Release */,
			);
			defaultConfigurationIsVisible = 0;
			defaultConfigurationName = Release;
		};
		ACD7CB1E29A0D6140092778A /* Build configuration list for PBXNativeTarget "Snoke" */ = {
			isa = XCConfigurationList;
			buildConfigurations = (
				ACD7CB1F29A0D6140092778A /* Debug */,
				ACD7CB2029A0D6140092778A /* Release */,
			);
			defaultConfigurationIsVisible = 0;
			defaultConfigurationName = Release;
		};
/* End XCConfigurationList section */
	};
	rootObject = ACD7CB0229A0D6130092778A /* Project object */;
}
